
Microsoft Visual Studio Solution File, Format Version 12.00
# Visual Studio Version 17
VisualStudioVersion = 17.0.32112.339
MinimumVisualStudioVersion = 10.0.40219.1
Project("{FAE04EC0-301F-11D3-BF4B-00C04F79EFBC}") = "main", "main\main.csproj", "{0A13D103-0532-417B-8562-3865C75102FB}"
EndProject
Project("{FAE04EC0-301F-11D3-BF4B-00C04F79EFBC}") = "persistence", "persistence\persistence.csproj", "{79B39DFF-DF4D-404B-9E27-89061EF5F577}"
EndProject
Project("{FAE04EC0-301F-11D3-BF4B-00C04F79EFBC}") = "application", "application\application.csproj", "{9070D114-980D-4C56-BD9C-5071B290072E}"
EndProject
Project("{FAE04EC0-301F-11D3-BF4B-00C04F79EFBC}") = "infrastructure", "infrastructure\infrastructure.csproj", "{A030CEA1-A630-425B-A2D0-DA310DFE14E7}"
EndProject
Project("{FAE04EC0-301F-11D3-BF4B-00C04F79EFBC}") = "domain", "domain\domain.csproj", "{FC8796FC-663B-4A99-97CD-AB2BA0442D93}"
EndProject
Global
	GlobalSection(SolutionConfigurationPlatforms) = preSolution
		Debug|Any CPU = Debug|Any CPU
		Release|Any CPU = Release|Any CPU
	EndGlobalSection
	GlobalSection(ProjectConfigurationPlatforms) = postSolution
		{0A13D103-0532-417B-8562-3865C75102FB}.Debug|Any CPU.ActiveCfg = Debug|Any CPU
		{0A13D103-0532-417B-8562-3865C75102FB}.Debug|Any CPU.Build.0 = Debug|Any CPU
		{0A13D103-0532-417B-8562-3865C75102FB}.Release|Any CPU.ActiveCfg = Release|Any CPU
		{0A13D103-0532-417B-8562-3865C75102FB}.Release|Any CPU.Build.0 = Release|Any CPU
		{79B39DFF-DF4D-404B-9E27-89061EF5F577}.Debug|Any CPU.ActiveCfg = Debug|Any CPU
		{79B39DFF-DF4D-404B-9E27-89061EF5F577}.Debug|Any CPU.Build.0 = Debug|Any CPU
		{79B39DFF-DF4D-404B-9E27-89061EF5F577}.Release|Any CPU.ActiveCfg = Release|Any CPU
		{79B39DFF-DF4D-404B-9E27-89061EF5F577}.Release|Any CPU.Build.0 = Release|Any CPU
		{9070D114-980D-4C56-BD9C-5071B290072E}.Debug|Any CPU.ActiveCfg = Debug|Any CPU
		{9070D114-980D-4C56-BD9C-5071B290072E}.Debug|Any CPU.Build.0 = Debug|Any CPU
		{9070D114-980D-4C56-BD9C-5071B290072E}.Release|Any CPU.ActiveCfg = Release|Any CPU
		{9070D114-980D-4C56-BD9C-5071B290072E}.Release|Any CPU.Build.0 = Release|Any CPU
		{A030CEA1-A630-425B-A2D0-DA310DFE14E7}.Debug|Any CPU.ActiveCfg = Debug|Any CPU
		{A030CEA1-A630-425B-A2D0-DA310DFE14E7}.Debug|Any CPU.Build.0 = Debug|Any CPU
		{A030CEA1-A630-425B-A2D0-DA310DFE14E7}.Release|Any CPU.ActiveCfg = Release|Any CPU
		{A030CEA1-A630-425B-A2D0-DA310DFE14E7}.Release|Any CPU.Build.0 = Release|Any CPU
		{FC8796FC-663B-4A99-97CD-AB2BA0442D93}.Debug|Any CPU.ActiveCfg = Debug|Any CPU
		{FC8796FC-663B-4A99-97CD-AB2BA0442D93}.Debug|Any CPU.Build.0 = Debug|Any CPU
		{FC8796FC-663B-4A99-97CD-AB2BA0442D93}.Release|Any CPU.ActiveCfg = Release|Any CPU
		{FC8796FC-663B-4A99-97CD-AB2BA0442D93}.Release|Any CPU.Build.0 = Release|Any CPU
	EndGlobalSection
	GlobalSection(SolutionProperties) = preSolution
		HideSolutionNode = FALSE
	EndGlobalSection
	GlobalSection(ExtensibilityGlobals) = postSolution
		SolutionGuid = {438DC4A8-F8B9-4101-8785-E68FE4D7A632}
	EndGlobalSection
EndGlobal
